{
  "version": 4,
  "terraform_version": "1.5.1",
  "serial": 5,
  "lineage": "857b9681-1b23-4533-c31a-47994b362bfe",
  "outputs": {},
  "resources": [
    {
      "mode": "managed",
      "type": "local_file",
      "name": "firstfile",
      "provider": "provider[\"registry.terraform.io/hashicorp/local\"]",
      "instances": [
        {
          "schema_version": 0,
          "attributes": {
            "content": "First file created using Terraform",
            "content_base64": null,
            "content_base64sha256": "oW6tudzoQ9AdHvnIRIitdB0ukvbqelnUfD7BO7B9cYs=",
            "content_base64sha512": "91mwCGLqZTb/V43Yel3FPkxu+W/QUcsGBUGpDQxk2IdB/YmjL6FaMwK9PdLv2vwNWENWyLoosi2iLlO+ZxtegA==",
            "content_md5": "739c9def4c3082c5cf983e2862df17f0",
            "content_sha1": "43ea5b2e7b192587f294fdd28fb4ef76f55e44fb",
            "content_sha256": "a16eadb9dce843d01d1ef9c84488ad741d2e92f6ea7a59d47c3ec13bb07d718b",
            "content_sha512": "f759b00862ea6536ff578dd87a5dc53e4c6ef96fd051cb060541a90d0c64d88741fd89a32fa15a3302bd3dd2efdafc0d584356c8ba28b22da22e53be671b5e80",
            "directory_permission": "0777",
            "file_permission": "0777",
            "filename": "/home/mso/github/Terraform/tf_project_20230623/FirstFile",
            "id": "43ea5b2e7b192587f294fdd28fb4ef76f55e44fb",
            "sensitive_content": null,
            "source": null
          },
          "sensitive_attributes": []
        }
      ]
    }
  ],
  "check_results": null
}
